
Microsoft Visual Studio Solution File, Format Version 12.00
# Visual Studio Version 17
VisualStudioVersion = 17.9.34701.34
MinimumVisualStudioVersion = 10.0.40219.1
Project("{9A19103F-16F7-4668-BE54-9A1E7A4F7556}") = "FuckAround", "FuckAround\FuckAround.csproj", "{F3870184-69B4-46EB-9834-BC1AC0C57B95}"
EndProject
Global
	GlobalSection(SolutionConfigurationPlatforms) = preSolution
		Debug|Any CPU = Debug|Any CPU
		Release|Any CPU = Release|Any CPU
	EndGlobalSection
	GlobalSection(ProjectConfigurationPlatforms) = postSolution
		{F3870184-69B4-46EB-9834-BC1AC0C57B95}.Debug|Any CPU.ActiveCfg = Debug|Any CPU
		{F3870184-69B4-46EB-9834-BC1AC0C57B95}.Debug|Any CPU.Build.0 = Debug|Any CPU
		{F3870184-69B4-46EB-9834-BC1AC0C57B95}.Release|Any CPU.ActiveCfg = Release|Any CPU
		{F3870184-69B4-46EB-9834-BC1AC0C57B95}.Release|Any CPU.Build.0 = Release|Any CPU
	EndGlobalSection
	GlobalSection(SolutionProperties) = preSolution
		HideSolutionNode = FALSE
	EndGlobalSection
	GlobalSection(ExtensibilityGlobals) = postSolution
		SolutionGuid = {1064F753-9719-402C-B724-E031662C02BA}
	EndGlobalSection
EndGlobal
